{
  "name": "code",
  "lockfileVersion": 2,
  "requires": true,
  "packages": {
    "": {
      "dependencies": {
        "embla-carousel-fade": "^8.6.0"
      }
    },
    "node_modules/embla-carousel": {
      "version": "8.6.0",
      "resolved": "https://registry.npmjs.org/embla-carousel/-/embla-carousel-8.6.0.tgz",
      "integrity": "sha512-SjWyZBHJPbqxHOzckOfo8lHisEaJWmwd23XppYFYVh10bU66/Pn5tkVkbkCMZVdbUE5eTCI2nD8OyIP4Z+uwkA==",
      "peer": true
    },
    "node_modules/embla-carousel-fade": {
      "version": "8.6.0",
      "resolved": "https://registry.npmjs.org/embla-carousel-fade/-/embla-carousel-fade-8.6.0.tgz",
      "integrity": "sha512-qaYsx5mwCz72ZrjlsXgs1nKejSrW+UhkbOMwLgfRT7w2LtdEB03nPRI06GHuHv5ac2USvbEiX2/nAHctcDwvpg==",
      "peerDependencies": {
        "embla-carousel": "8.6.0"
      }
    }
  },
  "dependencies": {
    "embla-carousel": {
      "version": "8.6.0",
      "resolved": "https://registry.npmjs.org/embla-carousel/-/embla-carousel-8.6.0.tgz",
      "integrity": "sha512-SjWyZBHJPbqxHOzckOfo8lHisEaJWmwd23XppYFYVh10bU66/Pn5tkVkbkCMZVdbUE5eTCI2nD8OyIP4Z+uwkA==",
      "peer": true
    },
    "embla-carousel-fade": {
      "version": "8.6.0",
      "resolved": "https://registry.npmjs.org/embla-carousel-fade/-/embla-carousel-fade-8.6.0.tgz",
      "integrity": "sha512-qaYsx5mwCz72ZrjlsXgs1nKejSrW+UhkbOMwLgfRT7w2LtdEB03nPRI06GHuHv5ac2USvbEiX2/nAHctcDwvpg==",
      "requires": {}
    }
  }
}
